
Microsoft Visual Studio Solution File, Format Version 12.00
# Visual Studio Version 16
VisualStudioVersion = 16.0.30804.86
MinimumVisualStudioVersion = 10.0.40219.1
Project("{FAE04EC0-301F-11D3-BF4B-00C04F79EFBC}") = "AutomationEmails", "AutomationEmails.csproj", "{A1863084-E8B6-4E71-827D-11AC4A4AE06C}"
EndProject
Global
	GlobalSection(SolutionConfigurationPlatforms) = preSolution
		Debug|Any CPU = Debug|Any CPU
		Release|Any CPU = Release|Any CPU
	EndGlobalSection
	GlobalSection(ProjectConfigurationPlatforms) = postSolution
		{A1863084-E8B6-4E71-827D-11AC4A4AE06C}.Debug|Any CPU.ActiveCfg = Debug|Any CPU
		{A1863084-E8B6-4E71-827D-11AC4A4AE06C}.Debug|Any CPU.Build.0 = Debug|Any CPU
		{A1863084-E8B6-4E71-827D-11AC4A4AE06C}.Release|Any CPU.ActiveCfg = Release|Any CPU
		{A1863084-E8B6-4E71-827D-11AC4A4AE06C}.Release|Any CPU.Build.0 = Release|Any CPU
	EndGlobalSection
	GlobalSection(SolutionProperties) = preSolution
		HideSolutionNode = FALSE
	EndGlobalSection
	GlobalSection(ExtensibilityGlobals) = postSolution
		SolutionGuid = {3899E13D-68FC-4DD0-8E51-62D34CD9442B}
	EndGlobalSection
EndGlobal
